
Microsoft Visual Studio Solution File, Format Version 12.00
# Visual Studio Version 16
VisualStudioVersion = 16.0.30002.166
MinimumVisualStudioVersion = 10.0.40219.1
Project("{9A19103F-16F7-4668-BE54-9A1E7A4F7556}") = "Api", "Api\Api.csproj", "{0FF32941-A416-4168-A477-62266B18DD96}"
EndProject
Project("{9A19103F-16F7-4668-BE54-9A1E7A4F7556}") = "Common", "Common\Common.csproj", "{C8D0DAD3-D603-4815-80DC-BA2354AE8383}"
EndProject
Project("{9A19103F-16F7-4668-BE54-9A1E7A4F7556}") = "Identity", "Identity\Identity.csproj", "{B26A4095-A183-485E-8063-9EE97C3F7B6F}"
EndProject
Project("{FAE04EC0-301F-11D3-BF4B-00C04F79EFBC}") = "MVCClient", "MVCClient\MVCClient.csproj", "{63D6E046-CDB9-4255-83A5-0A8413E135D9}"
EndProject
Global
	GlobalSection(SolutionConfigurationPlatforms) = preSolution
		Debug|Any CPU = Debug|Any CPU
		Release|Any CPU = Release|Any CPU
	EndGlobalSection
	GlobalSection(ProjectConfigurationPlatforms) = postSolution
		{0FF32941-A416-4168-A477-62266B18DD96}.Debug|Any CPU.ActiveCfg = Debug|Any CPU
		{0FF32941-A416-4168-A477-62266B18DD96}.Debug|Any CPU.Build.0 = Debug|Any CPU
		{0FF32941-A416-4168-A477-62266B18DD96}.Release|Any CPU.ActiveCfg = Release|Any CPU
		{0FF32941-A416-4168-A477-62266B18DD96}.Release|Any CPU.Build.0 = Release|Any CPU
		{C8D0DAD3-D603-4815-80DC-BA2354AE8383}.Debug|Any CPU.ActiveCfg = Debug|Any CPU
		{C8D0DAD3-D603-4815-80DC-BA2354AE8383}.Debug|Any CPU.Build.0 = Debug|Any CPU
		{C8D0DAD3-D603-4815-80DC-BA2354AE8383}.Release|Any CPU.ActiveCfg = Release|Any CPU
		{C8D0DAD3-D603-4815-80DC-BA2354AE8383}.Release|Any CPU.Build.0 = Release|Any CPU
		{B26A4095-A183-485E-8063-9EE97C3F7B6F}.Debug|Any CPU.ActiveCfg = Debug|Any CPU
		{B26A4095-A183-485E-8063-9EE97C3F7B6F}.Debug|Any CPU.Build.0 = Debug|Any CPU
		{B26A4095-A183-485E-8063-9EE97C3F7B6F}.Release|Any CPU.ActiveCfg = Release|Any CPU
		{B26A4095-A183-485E-8063-9EE97C3F7B6F}.Release|Any CPU.Build.0 = Release|Any CPU
		{63D6E046-CDB9-4255-83A5-0A8413E135D9}.Debug|Any CPU.ActiveCfg = Debug|Any CPU
		{63D6E046-CDB9-4255-83A5-0A8413E135D9}.Debug|Any CPU.Build.0 = Debug|Any CPU
		{63D6E046-CDB9-4255-83A5-0A8413E135D9}.Release|Any CPU.ActiveCfg = Release|Any CPU
		{63D6E046-CDB9-4255-83A5-0A8413E135D9}.Release|Any CPU.Build.0 = Release|Any CPU
	EndGlobalSection
	GlobalSection(SolutionProperties) = preSolution
		HideSolutionNode = FALSE
	EndGlobalSection
	GlobalSection(ExtensibilityGlobals) = postSolution
		SolutionGuid = {3B3A4FB9-82C5-4054-8B8C-BAFC35399196}
	EndGlobalSection
EndGlobal
